
Microsoft Visual Studio Solution File, Format Version 12.00
# Visual Studio Version 17
VisualStudioVersion = 17.5.002.0
MinimumVisualStudioVersion = 10.0.40219.1
Project("{9A19103F-16F7-4668-BE54-9A1E7A4F7556}") = "Behavioral_Mediator", "Behavioral_Mediator.csproj", "{81C3C79F-1E3A-4A3B-B532-FE0D0D44ABCD}"
EndProject
Global
	GlobalSection(SolutionConfigurationPlatforms) = preSolution
		Debug|Any CPU = Debug|Any CPU
		Release|Any CPU = Release|Any CPU
	EndGlobalSection
	GlobalSection(ProjectConfigurationPlatforms) = postSolution
		{81C3C79F-1E3A-4A3B-B532-FE0D0D44ABCD}.Debug|Any CPU.ActiveCfg = Debug|Any CPU
		{81C3C79F-1E3A-4A3B-B532-FE0D0D44ABCD}.Debug|Any CPU.Build.0 = Debug|Any CPU
		{81C3C79F-1E3A-4A3B-B532-FE0D0D44ABCD}.Release|Any CPU.ActiveCfg = Release|Any CPU
		{81C3C79F-1E3A-4A3B-B532-FE0D0D44ABCD}.Release|Any CPU.Build.0 = Release|Any CPU
	EndGlobalSection
	GlobalSection(SolutionProperties) = preSolution
		HideSolutionNode = FALSE
	EndGlobalSection
	GlobalSection(ExtensibilityGlobals) = postSolution
		SolutionGuid = {7F5AAA4D-38B6-4CF1-8749-F3E607523702}
	EndGlobalSection
EndGlobal
